// !$*UTF8*$!
{
	archiveVersion = 1;
	classes = {
	};
	objectVersion = 50;
	objects = {

/* Begin PBXBuildFile section */
		74A383C0230F78AD0005BDE8 /* AppDelegate.swift in Sources */ = {isa = PBXBuildFile; fileRef = 74A383BF230F78AD0005BDE8 /* AppDelegate.swift */; };
		74A383C2230F78AD0005BDE8 /* ViewController.swift in Sources */ = {isa = PBXBuildFile; fileRef = 74A383C1230F78AD0005BDE8 /* ViewController.swift */; };
		74A383C5230F78AD0005BDE8 /* Main.storyboard in Resources */ = {isa = PBXBuildFile; fileRef = 74A383C3230F78AD0005BDE8 /* Main.storyboard */; };
		74A383C7230F78AF0005BDE8 /* Assets.xcassets in Resources */ = {isa = PBXBuildFile; fileRef = 74A383C6230F78AF0005BDE8 /* Assets.xcassets */; };
		74A383CA230F78AF0005BDE8 /* LaunchScreen.storyboard in Resources */ = {isa = PBXBuildFile; fileRef = 74A383C8230F78AF0005BDE8 /* LaunchScreen.storyboard */; };
		74A383D2230F79870005BDE8 /* PlaylistRequest.swift in Sources */ = {isa = PBXBuildFile; fileRef = 74A383D1230F79870005BDE8 /* PlaylistRequest.swift */; };
		74A383D4230F79B40005BDE8 /* HttpClinet.swift in Sources */ = {isa = PBXBuildFile; fileRef = 74A383D3230F79B40005BDE8 /* HttpClinet.swift */; };
		74A383D6230F8AE20005BDE8 /* PlaylistProvider.swift in Sources */ = {isa = PBXBuildFile; fileRef = 74A383D5230F8AE20005BDE8 /* PlaylistProvider.swift */; };
		74A383D9230F96CC0005BDE8 /* ExtensionData.swift in Sources */ = {isa = PBXBuildFile; fileRef = 74A383D8230F96CC0005BDE8 /* ExtensionData.swift */; };
		74A383DE230FAAFF0005BDE8 /* SongTableViewCell.swift in Sources */ = {isa = PBXBuildFile; fileRef = 74A383DC230FAAFF0005BDE8 /* SongTableViewCell.swift */; };
		74A383DF230FAAFF0005BDE8 /* SongTableViewCell.xib in Resources */ = {isa = PBXBuildFile; fileRef = 74A383DD230FAAFF0005BDE8 /* SongTableViewCell.xib */; };
		74A383E1230FAB250005BDE8 /* ExtensoinTabview.swift in Sources */ = {isa = PBXBuildFile; fileRef = 74A383E0230FAB250005BDE8 /* ExtensoinTabview.swift */; };
/* End PBXBuildFile section */

/* Begin PBXFileReference section */
		74A383BC230F78AD0005BDE8 /* MidtermPlaylist.app */ = {isa = PBXFileReference; explicitFileType = wrapper.application; includeInIndex = 0; path = MidtermPlaylist.app; sourceTree = BUILT_PRODUCTS_DIR; };
		74A383BF230F78AD0005BDE8 /* AppDelegate.swift */ = {isa = PBXFileReference; lastKnownFileType = sourcecode.swift; path = AppDelegate.swift; sourceTree = "<group>"; };
		74A383C1230F78AD0005BDE8 /* ViewController.swift */ = {isa = PBXFileReference; lastKnownFileType = sourcecode.swift; path = ViewController.swift; sourceTree = "<group>"; };
		74A383C4230F78AD0005BDE8 /* Base */ = {isa = PBXFileReference; lastKnownFileType = file.storyboard; name = Base; path = Base.lproj/Main.storyboard; sourceTree = "<group>"; };
		74A383C6230F78AF0005BDE8 /* Assets.xcassets */ = {isa = PBXFileReference; lastKnownFileType = folder.assetcatalog; path = Assets.xcassets; sourceTree = "<group>"; };
		74A383C9230F78AF0005BDE8 /* Base */ = {isa = PBXFileReference; lastKnownFileType = file.storyboard; name = Base; path = Base.lproj/LaunchScreen.storyboard; sourceTree = "<group>"; };
		74A383CB230F78AF0005BDE8 /* Info.plist */ = {isa = PBXFileReference; lastKnownFileType = text.plist.xml; path = Info.plist; sourceTree = "<group>"; };
		74A383D1230F79870005BDE8 /* PlaylistRequest.swift */ = {isa = PBXFileReference; lastKnownFileType = sourcecode.swift; path = PlaylistRequest.swift; sourceTree = "<group>"; };
		74A383D3230F79B40005BDE8 /* HttpClinet.swift */ = {isa = PBXFileReference; lastKnownFileType = sourcecode.swift; path = HttpClinet.swift; sourceTree = "<group>"; };
		74A383D5230F8AE20005BDE8 /* PlaylistProvider.swift */ = {isa = PBXFileReference; lastKnownFileType = sourcecode.swift; path = PlaylistProvider.swift; sourceTree = "<group>"; };
		74A383D8230F96CC0005BDE8 /* ExtensionData.swift */ = {isa = PBXFileReference; lastKnownFileType = sourcecode.swift; path = ExtensionData.swift; sourceTree = "<group>"; };
		74A383DC230FAAFF0005BDE8 /* SongTableViewCell.swift */ = {isa = PBXFileReference; lastKnownFileType = sourcecode.swift; path = SongTableViewCell.swift; sourceTree = "<group>"; };
		74A383DD230FAAFF0005BDE8 /* SongTableViewCell.xib */ = {isa = PBXFileReference; lastKnownFileType = file.xib; path = SongTableViewCell.xib; sourceTree = "<group>"; };
		74A383E0230FAB250005BDE8 /* ExtensoinTabview.swift */ = {isa = PBXFileReference; lastKnownFileType = sourcecode.swift; path = ExtensoinTabview.swift; sourceTree = "<group>"; };
/* End PBXFileReference section */

/* Begin PBXFrameworksBuildPhase section */
		74A383B9230F78AD0005BDE8 /* Frameworks */ = {
			isa = PBXFrameworksBuildPhase;
			buildActionMask = 2147483647;
			files = (
			);
			runOnlyForDeploymentPostprocessing = 0;
		};
/* End PBXFrameworksBuildPhase section */

/* Begin PBXGroup section */
		74A383B3230F78AD0005BDE8 = {
			isa = PBXGroup;
			children = (
				74A383BE230F78AD0005BDE8 /* MidtermPlaylist */,
				74A383BD230F78AD0005BDE8 /* Products */,
			);
			sourceTree = "<group>";
		};
		74A383BD230F78AD0005BDE8 /* Products */ = {
			isa = PBXGroup;
			children = (
				74A383BC230F78AD0005BDE8 /* MidtermPlaylist.app */,
			);
			name = Products;
			sourceTree = "<group>";
		};
		74A383BE230F78AD0005BDE8 /* MidtermPlaylist */ = {
			isa = PBXGroup;
			children = (
				74A383BF230F78AD0005BDE8 /* AppDelegate.swift */,
				74A383C1230F78AD0005BDE8 /* ViewController.swift */,
				74A383DB230FAADD0005BDE8 /* View */,
				74A383DA230F97240005BDE8 /* Model */,
				74A383D7230F96A10005BDE8 /* Extension */,
				74A383C3230F78AD0005BDE8 /* Main.storyboard */,
				74A383C6230F78AF0005BDE8 /* Assets.xcassets */,
				74A383C8230F78AF0005BDE8 /* LaunchScreen.storyboard */,
				74A383CB230F78AF0005BDE8 /* Info.plist */,
			);
			path = MidtermPlaylist;
			sourceTree = "<group>";
		};
		74A383D7230F96A10005BDE8 /* Extension */ = {
			isa = PBXGroup;
			children = (
				74A383D8230F96CC0005BDE8 /* ExtensionData.swift */,
				74A383E0230FAB250005BDE8 /* ExtensoinTabview.swift */,
			);
			path = Extension;
			sourceTree = "<group>";
		};
		74A383DA230F97240005BDE8 /* Model */ = {
			isa = PBXGroup;
			children = (
				74A383D3230F79B40005BDE8 /* HttpClinet.swift */,
				74A383D1230F79870005BDE8 /* PlaylistRequest.swift */,
				74A383D5230F8AE20005BDE8 /* PlaylistProvider.swift */,
			);
			path = Model;
			sourceTree = "<group>";
		};
		74A383DB230FAADD0005BDE8 /* View */ = {
			isa = PBXGroup;
			children = (
				74A383DC230FAAFF0005BDE8 /* SongTableViewCell.swift */,
				74A383DD230FAAFF0005BDE8 /* SongTableViewCell.xib */,
			);
			path = View;
			sourceTree = "<group>";
		};
/* End PBXGroup section */

/* Begin PBXNativeTarget section */
		74A383BB230F78AD0005BDE8 /* MidtermPlaylist */ = {
			isa = PBXNativeTarget;
			buildConfigurationList = 74A383CE230F78AF0005BDE8 /* Build configuration list for PBXNativeTarget "MidtermPlaylist" */;
			buildPhases = (
				74A383B8230F78AD0005BDE8 /* Sources */,
				74A383B9230F78AD0005BDE8 /* Frameworks */,
				74A383BA230F78AD0005BDE8 /* Resources */,
			);
			buildRules = (
			);
			dependencies = (
			);
			name = MidtermPlaylist;
			productName = MidtermPlaylist;
			productReference = 74A383BC230F78AD0005BDE8 /* MidtermPlaylist.app */;
			productType = "com.apple.product-type.application";
		};
/* End PBXNativeTarget section */

/* Begin PBXProject section */
		74A383B4230F78AD0005BDE8 /* Project object */ = {
			isa = PBXProject;
			attributes = {
				LastSwiftUpdateCheck = 1030;
				LastUpgradeCheck = 1030;
				ORGANIZATIONNAME = littema;
				TargetAttributes = {
					74A383BB230F78AD0005BDE8 = {
						CreatedOnToolsVersion = 10.3;
					};
				};
			};
			buildConfigurationList = 74A383B7230F78AD0005BDE8 /* Build configuration list for PBXProject "MidtermPlaylist" */;
			compatibilityVersion = "Xcode 9.3";
			developmentRegion = en;
			hasScannedForEncodings = 0;
			knownRegions = (
				en,
				Base,
			);
			mainGroup = 74A383B3230F78AD0005BDE8;
			productRefGroup = 74A383BD230F78AD0005BDE8 /* Products */;
			projectDirPath = "";
			projectRoot = "";
			targets = (
				74A383BB230F78AD0005BDE8 /* MidtermPlaylist */,
			);
		};
/* End PBXProject section */

/* Begin PBXResourcesBuildPhase section */
		74A383BA230F78AD0005BDE8 /* Resources */ = {
			isa = PBXResourcesBuildPhase;
			buildActionMask = 2147483647;
			files = (
				74A383DF230FAAFF0005BDE8 /* SongTableViewCell.xib in Resources */,
				74A383CA230F78AF0005BDE8 /* LaunchScreen.storyboard in Resources */,
				74A383C7230F78AF0005BDE8 /* Assets.xcassets in Resources */,
				74A383C5230F78AD0005BDE8 /* Main.storyboard in Resources */,
			);
			runOnlyForDeploymentPostprocessing = 0;
		};
/* End PBXResourcesBuildPhase section */

/* Begin PBXSourcesBuildPhase section */
		74A383B8230F78AD0005BDE8 /* Sources */ = {
			isa = PBXSourcesBuildPhase;
			buildActionMask = 2147483647;
			files = (
				74A383E1230FAB250005BDE8 /* ExtensoinTabview.swift in Sources */,
				74A383D6230F8AE20005BDE8 /* PlaylistProvider.swift in Sources */,
				74A383C2230F78AD0005BDE8 /* ViewController.swift in Sources */,
				74A383D2230F79870005BDE8 /* PlaylistRequest.swift in Sources */,
				74A383DE230FAAFF0005BDE8 /* SongTableViewCell.swift in Sources */,
				74A383D9230F96CC0005BDE8 /* ExtensionData.swift in Sources */,
				74A383D4230F79B40005BDE8 /* HttpClinet.swift in Sources */,
				74A383C0230F78AD0005BDE8 /* AppDelegate.swift in Sources */,
			);
			runOnlyForDeploymentPostprocessing = 0;
		};
/* End PBXSourcesBuildPhase section */

/* Begin PBXVariantGroup section */
		74A383C3230F78AD0005BDE8 /* Main.storyboard */ = {
			isa = PBXVariantGroup;
			children = (
				74A383C4230F78AD0005BDE8 /* Base */,
			);
			name = Main.storyboard;
			sourceTree = "<group>";
		};
		74A383C8230F78AF0005BDE8 /* LaunchScreen.storyboard */ = {
			isa = PBXVariantGroup;
			children = (
				74A383C9230F78AF0005BDE8 /* Base */,
			);
			name = LaunchScreen.storyboard;
			sourceTree = "<group>";
		};
/* End PBXVariantGroup section */

/* Begin XCBuildConfiguration section */
		74A383CC230F78AF0005BDE8 /* Debug */ = {
			isa = XCBuildConfiguration;
			buildSettings = {
				ALWAYS_SEARCH_USER_PATHS = NO;
				CLANG_ANALYZER_NONNULL = YES;
				CLANG_ANALYZER_NUMBER_OBJECT_CONVERSION = YES_AGGRESSIVE;
				CLANG_CXX_LANGUAGE_STANDARD = "gnu++14";
				CLANG_CXX_LIBRARY = "libc++";
				CLANG_ENABLE_MODULES = YES;
				CLANG_ENABLE_OBJC_ARC = YES;
				CLANG_ENABLE_OBJC_WEAK = YES;
				CLANG_WARN_BLOCK_CAPTURE_AUTORELEASING = YES;
				CLANG_WARN_BOOL_CONVERSION = YES;
				CLANG_WARN_COMMA = YES;
				CLANG_WARN_CONSTANT_CONVERSION = YES;
				CLANG_WARN_DEPRECATED_OBJC_IMPLEMENTATIONS = YES;
				CLANG_WARN_DIRECT_OBJC_ISA_USAGE = YES_ERROR;
				CLANG_WARN_DOCUMENTATION_COMMENTS = YES;
				CLANG_WARN_EMPTY_BODY = YES;
				CLANG_WARN_ENUM_CONVERSION = YES;
				CLANG_WARN_INFINITE_RECURSION = YES;
				CLANG_WARN_INT_CONVERSION = YES;
				CLANG_WARN_NON_LITERAL_NULL_CONVERSION = YES;
				CLANG_WARN_OBJC_IMPLICIT_RETAIN_SELF = YES;
				CLANG_WARN_OBJC_LITERAL_CONVERSION = YES;
				CLANG_WARN_OBJC_ROOT_CLASS = YES_ERROR;
				CLANG_WARN_RANGE_LOOP_ANALYSIS = YES;
				CLANG_WARN_STRICT_PROTOTYPES = YES;
				CLANG_WARN_SUSPICIOUS_MOVE = YES;
				CLANG_WARN_UNGUARDED_AVAILABILITY = YES_AGGRESSIVE;
				CLANG_WARN_UNREACHABLE_CODE = YES;
				CLANG_WARN__DUPLICATE_METHOD_MATCH = YES;
				CODE_SIGN_IDENTITY = "iPhone Developer";
				COPY_PHASE_STRIP = NO;
				DEBUG_INFORMATION_FORMAT = dwarf;
				ENABLE_STRICT_OBJC_MSGSEND = YES;
				ENABLE_TESTABILITY = YES;
				GCC_C_LANGUAGE_STANDARD = gnu11;
				GCC_DYNAMIC_NO_PIC = NO;
				GCC_NO_COMMON_BLOCKS = YES;
				GCC_OPTIMIZATION_LEVEL = 0;
				GCC_PREPROCESSOR_DEFINITIONS = (
					"DEBUG=1",
					"$(inherited)",
				);
				GCC_WARN_64_TO_32_BIT_CONVERSION = YES;
				GCC_WARN_ABOUT_RETURN_TYPE = YES_ERROR;
				GCC_WARN_UNDECLARED_SELECTOR = YES;
				GCC_WARN_UNINITIALIZED_AUTOS = YES_AGGRESSIVE;
				GCC_WARN_UNUSED_FUNCTION = YES;
				GCC_WARN_UNUSED_VARIABLE = YES;
				IPHONEOS_DEPLOYMENT_TARGET = 12.4;
				MTL_ENABLE_DEBUG_INFO = INCLUDE_SOURCE;
				MTL_FAST_MATH = YES;
				ONLY_ACTIVE_ARCH = YES;
				SDKROOT = iphoneos;
				SWIFT_ACTIVE_COMPILATION_CONDITIONS = DEBUG;
				SWIFT_OPTIMIZATION_LEVEL = "-Onone";
			};
			name = Debug;
		};
		74A383CD230F78AF0005BDE8 /* Release */ = {
			isa = XCBuildConfiguration;
			buildSettings = {
				ALWAYS_SEARCH_USER_PATHS = NO;
				CLANG_ANALYZER_NONNULL = YES;
				CLANG_ANALYZER_NUMBER_OBJECT_CONVERSION = YES_AGGRESSIVE;
				CLANG_CXX_LANGUAGE_STANDARD = "gnu++14";
				CLANG_CXX_LIBRARY = "libc++";
				CLANG_ENABLE_MODULES = YES;
				CLANG_ENABLE_OBJC_ARC = YES;
				CLANG_ENABLE_OBJC_WEAK = YES;
				CLANG_WARN_BLOCK_CAPTURE_AUTORELEASING = YES;
				CLANG_WARN_BOOL_CONVERSION = YES;
				CLANG_WARN_COMMA = YES;
				CLANG_WARN_CONSTANT_CONVERSION = YES;
				CLANG_WARN_DEPRECATED_OBJC_IMPLEMENTATIONS = YES;
				CLANG_WARN_DIRECT_OBJC_ISA_USAGE = YES_ERROR;
				CLANG_WARN_DOCUMENTATION_COMMENTS = YES;
				CLANG_WARN_EMPTY_BODY = YES;
				CLANG_WARN_ENUM_CONVERSION = YES;
				CLANG_WARN_INFINITE_RECURSION = YES;
				CLANG_WARN_INT_CONVERSION = YES;
				CLANG_WARN_NON_LITERAL_NULL_CONVERSION = YES;
				CLANG_WARN_OBJC_IMPLICIT_RETAIN_SELF = YES;
				CLANG_WARN_OBJC_LITERAL_CONVERSION = YES;
				CLANG_WARN_OBJC_ROOT_CLASS = YES_ERROR;
				CLANG_WARN_RANGE_LOOP_ANALYSIS = YES;
				CLANG_WARN_STRICT_PROTOTYPES = YES;
				CLANG_WARN_SUSPICIOUS_MOVE = YES;
				CLANG_WARN_UNGUARDED_AVAILABILITY = YES_AGGRESSIVE;
				CLANG_WARN_UNREACHABLE_CODE = YES;
				CLANG_WARN__DUPLICATE_METHOD_MATCH = YES;
				CODE_SIGN_IDENTITY = "iPhone Developer";
				COPY_PHASE_STRIP = NO;
				DEBUG_INFORMATION_FORMAT = "dwarf-with-dsym";
				ENABLE_NS_ASSERTIONS = NO;
				ENABLE_STRICT_OBJC_MSGSEND = YES;
				GCC_C_LANGUAGE_STANDARD = gnu11;
				GCC_NO_COMMON_BLOCKS = YES;
				GCC_WARN_64_TO_32_BIT_CONVERSION = YES;
				GCC_WARN_ABOUT_RETURN_TYPE = YES_ERROR;
				GCC_WARN_UNDECLARED_SELECTOR = YES;
				GCC_WARN_UNINITIALIZED_AUTOS = YES_AGGRESSIVE;
				GCC_WARN_UNUSED_FUNCTION = YES;
				GCC_WARN_UNUSED_VARIABLE = YES;
				IPHONEOS_DEPLOYMENT_TARGET = 12.4;
				MTL_ENABLE_DEBUG_INFO = NO;
				MTL_FAST_MATH = YES;
				SDKROOT = iphoneos;
				SWIFT_COMPILATION_MODE = wholemodule;
				SWIFT_OPTIMIZATION_LEVEL = "-O";
				VALIDATE_PRODUCT = YES;
			};
			name = Release;
		};
		74A383CF230F78AF0005BDE8 /* Debug */ = {
			isa = XCBuildConfiguration;
			buildSettings = {
				ASSETCATALOG_COMPILER_APPICON_NAME = AppIcon;
				CODE_SIGN_STYLE = Automatic;
				INFOPLIST_FILE = MidtermPlaylist/Info.plist;
				LD_RUNPATH_SEARCH_PATHS = (
					"$(inherited)",
					"@executable_path/Frameworks",
				);
				PRODUCT_BUNDLE_IDENTIFIER = com.littlema.MidtermPlaylist;
				PRODUCT_NAME = "$(TARGET_NAME)";
				SWIFT_VERSION = 5.0;
				TARGETED_DEVICE_FAMILY = "1,2";
			};
			name = Debug;
		};
		74A383D0230F78AF0005BDE8 /* Release */ = {
			isa = XCBuildConfiguration;
			buildSettings = {
				ASSETCATALOG_COMPILER_APPICON_NAME = AppIcon;
				CODE_SIGN_STYLE = Automatic;
				INFOPLIST_FILE = MidtermPlaylist/Info.plist;
				LD_RUNPATH_SEARCH_PATHS = (
					"$(inherited)",
					"@executable_path/Frameworks",
				);
				PRODUCT_BUNDLE_IDENTIFIER = com.littlema.MidtermPlaylist;
				PRODUCT_NAME = "$(TARGET_NAME)";
				SWIFT_VERSION = 5.0;
				TARGETED_DEVICE_FAMILY = "1,2";
			};
			name = Release;
		};
/* End XCBuildConfiguration section */

/* Begin XCConfigurationList section */
		74A383B7230F78AD0005BDE8 /* Build configuration list for PBXProject "MidtermPlaylist" */ = {
			isa = XCConfigurationList;
			buildConfigurations = (
				74A383CC230F78AF0005BDE8 /* Debug */,
				74A383CD230F78AF0005BDE8 /* Release */,
			);
			defaultConfigurationIsVisible = 0;
			defaultConfigurationName = Release;
		};
		74A383CE230F78AF0005BDE8 /* Build configuration list for PBXNativeTarget "MidtermPlaylist" */ = {
			isa = XCConfigurationList;
			buildConfigurations = (
				74A383CF230F78AF0005BDE8 /* Debug */,
				74A383D0230F78AF0005BDE8 /* Release */,
			);
			defaultConfigurationIsVisible = 0;
			defaultConfigurationName = Release;
		};
/* End XCConfigurationList section */
	};
	rootObject = 74A383B4230F78AD0005BDE8 /* Project object */;
}
